
Microsoft Visual Studio Solution File, Format Version 12.00
# Visual Studio Version 17
VisualStudioVersion = 17.14.36203.30 d17.14
MinimumVisualStudioVersion = 10.0.40219.1
Project("{FAE04EC0-301F-11D3-BF4B-00C04F79EFBC}") = "ex-08-contador-entradas", "ex-08-contador-entradas.csproj", "{A03A48C7-5742-4415-B459-894D41D52DC2}"
EndProject
Global
	GlobalSection(SolutionConfigurationPlatforms) = preSolution
		Debug|Any CPU = Debug|Any CPU
		Release|Any CPU = Release|Any CPU
	EndGlobalSection
	GlobalSection(ProjectConfigurationPlatforms) = postSolution
		{A03A48C7-5742-4415-B459-894D41D52DC2}.Debug|Any CPU.ActiveCfg = Debug|Any CPU
		{A03A48C7-5742-4415-B459-894D41D52DC2}.Debug|Any CPU.Build.0 = Debug|Any CPU
		{A03A48C7-5742-4415-B459-894D41D52DC2}.Release|Any CPU.ActiveCfg = Release|Any CPU
		{A03A48C7-5742-4415-B459-894D41D52DC2}.Release|Any CPU.Build.0 = Release|Any CPU
	EndGlobalSection
	GlobalSection(SolutionProperties) = preSolution
		HideSolutionNode = FALSE
	EndGlobalSection
	GlobalSection(ExtensibilityGlobals) = postSolution
		SolutionGuid = {1D56DD3E-7B2E-4754-A7BC-761C33D18F0F}
	EndGlobalSection
EndGlobal
