
Microsoft Visual Studio Solution File, Format Version 12.00
# Visual Studio Version 17
VisualStudioVersion = 17.14.36203.30 d17.14
MinimumVisualStudioVersion = 10.0.40219.1
Project("{FAE04EC0-301F-11D3-BF4B-00C04F79EFBC}") = "ex-02-estrutura-while", "ex-02-estrutura-while.csproj", "{0855D8B1-5A31-439D-9F9E-5D69BEC41C78}"
EndProject
Global
	GlobalSection(SolutionConfigurationPlatforms) = preSolution
		Debug|Any CPU = Debug|Any CPU
		Release|Any CPU = Release|Any CPU
	EndGlobalSection
	GlobalSection(ProjectConfigurationPlatforms) = postSolution
		{0855D8B1-5A31-439D-9F9E-5D69BEC41C78}.Debug|Any CPU.ActiveCfg = Debug|Any CPU
		{0855D8B1-5A31-439D-9F9E-5D69BEC41C78}.Debug|Any CPU.Build.0 = Debug|Any CPU
		{0855D8B1-5A31-439D-9F9E-5D69BEC41C78}.Release|Any CPU.ActiveCfg = Release|Any CPU
		{0855D8B1-5A31-439D-9F9E-5D69BEC41C78}.Release|Any CPU.Build.0 = Release|Any CPU
	EndGlobalSection
	GlobalSection(SolutionProperties) = preSolution
		HideSolutionNode = FALSE
	EndGlobalSection
	GlobalSection(ExtensibilityGlobals) = postSolution
		SolutionGuid = {F90C74BA-389E-44BC-9FAB-1A59F0DFE637}
	EndGlobalSection
EndGlobal
