
Microsoft Visual Studio Solution File, Format Version 12.00
# Visual Studio Version 17
VisualStudioVersion = 17.14.36203.30 d17.14
MinimumVisualStudioVersion = 10.0.40219.1
Project("{FAE04EC0-301F-11D3-BF4B-00C04F79EFBC}") = "ex-14-acumulador-soma", "ex-14-acumulador-soma.csproj", "{7C2D4F35-D779-42D4-8818-F9E0DE7E0D43}"
EndProject
Global
	GlobalSection(SolutionConfigurationPlatforms) = preSolution
		Debug|Any CPU = Debug|Any CPU
		Release|Any CPU = Release|Any CPU
	EndGlobalSection
	GlobalSection(ProjectConfigurationPlatforms) = postSolution
		{7C2D4F35-D779-42D4-8818-F9E0DE7E0D43}.Debug|Any CPU.ActiveCfg = Debug|Any CPU
		{7C2D4F35-D779-42D4-8818-F9E0DE7E0D43}.Debug|Any CPU.Build.0 = Debug|Any CPU
		{7C2D4F35-D779-42D4-8818-F9E0DE7E0D43}.Release|Any CPU.ActiveCfg = Release|Any CPU
		{7C2D4F35-D779-42D4-8818-F9E0DE7E0D43}.Release|Any CPU.Build.0 = Release|Any CPU
	EndGlobalSection
	GlobalSection(SolutionProperties) = preSolution
		HideSolutionNode = FALSE
	EndGlobalSection
	GlobalSection(ExtensibilityGlobals) = postSolution
		SolutionGuid = {6A26C069-25D3-43D9-9DEE-744EAD18CFB0}
	EndGlobalSection
EndGlobal
