
Microsoft Visual Studio Solution File, Format Version 12.00
# Visual Studio Version 17
VisualStudioVersion = 17.14.36203.30 d17.14
MinimumVisualStudioVersion = 10.0.40219.1
Project("{FAE04EC0-301F-11D3-BF4B-00C04F79EFBC}") = "ex-04-vetor-invertido", "ex-04-vetor-invertido.csproj", "{949981B0-CCCC-4705-9AF8-BBB9BAE697E6}"
EndProject
Global
	GlobalSection(SolutionConfigurationPlatforms) = preSolution
		Debug|Any CPU = Debug|Any CPU
		Release|Any CPU = Release|Any CPU
	EndGlobalSection
	GlobalSection(ProjectConfigurationPlatforms) = postSolution
		{949981B0-CCCC-4705-9AF8-BBB9BAE697E6}.Debug|Any CPU.ActiveCfg = Debug|Any CPU
		{949981B0-CCCC-4705-9AF8-BBB9BAE697E6}.Debug|Any CPU.Build.0 = Debug|Any CPU
		{949981B0-CCCC-4705-9AF8-BBB9BAE697E6}.Release|Any CPU.ActiveCfg = Release|Any CPU
		{949981B0-CCCC-4705-9AF8-BBB9BAE697E6}.Release|Any CPU.Build.0 = Release|Any CPU
	EndGlobalSection
	GlobalSection(SolutionProperties) = preSolution
		HideSolutionNode = FALSE
	EndGlobalSection
	GlobalSection(ExtensibilityGlobals) = postSolution
		SolutionGuid = {7F1377AA-66C7-4334-8C93-FA511D8644F8}
	EndGlobalSection
EndGlobal
