
Microsoft Visual Studio Solution File, Format Version 12.00
# Visual Studio Version 17
VisualStudioVersion = 17.14.36203.30 d17.14
MinimumVisualStudioVersion = 10.0.40219.1
Project("{FAE04EC0-301F-11D3-BF4B-00C04F79EFBC}") = "ex-01-calculo-consumo", "ex-01-calculo-consumo.csproj", "{2343F0EE-C5BC-4926-A9BA-E28338F5FE5D}"
EndProject
Global
	GlobalSection(SolutionConfigurationPlatforms) = preSolution
		Debug|Any CPU = Debug|Any CPU
		Release|Any CPU = Release|Any CPU
	EndGlobalSection
	GlobalSection(ProjectConfigurationPlatforms) = postSolution
		{2343F0EE-C5BC-4926-A9BA-E28338F5FE5D}.Debug|Any CPU.ActiveCfg = Debug|Any CPU
		{2343F0EE-C5BC-4926-A9BA-E28338F5FE5D}.Debug|Any CPU.Build.0 = Debug|Any CPU
		{2343F0EE-C5BC-4926-A9BA-E28338F5FE5D}.Release|Any CPU.ActiveCfg = Release|Any CPU
		{2343F0EE-C5BC-4926-A9BA-E28338F5FE5D}.Release|Any CPU.Build.0 = Release|Any CPU
	EndGlobalSection
	GlobalSection(SolutionProperties) = preSolution
		HideSolutionNode = FALSE
	EndGlobalSection
	GlobalSection(ExtensibilityGlobals) = postSolution
		SolutionGuid = {DDD57974-6E02-4F98-B236-4D1208FC32C2}
	EndGlobalSection
EndGlobal
