
Microsoft Visual Studio Solution File, Format Version 12.00
# Visual Studio Version 17
VisualStudioVersion = 17.14.36203.30 d17.14
MinimumVisualStudioVersion = 10.0.40219.1
Project("{FAE04EC0-301F-11D3-BF4B-00C04F79EFBC}") = "ex-02-soma-numeros", "ex-02-soma-numeros.csproj", "{A211B3AB-3790-4B4F-B58A-D311859A0A31}"
EndProject
Global
	GlobalSection(SolutionConfigurationPlatforms) = preSolution
		Debug|Any CPU = Debug|Any CPU
		Release|Any CPU = Release|Any CPU
	EndGlobalSection
	GlobalSection(ProjectConfigurationPlatforms) = postSolution
		{A211B3AB-3790-4B4F-B58A-D311859A0A31}.Debug|Any CPU.ActiveCfg = Debug|Any CPU
		{A211B3AB-3790-4B4F-B58A-D311859A0A31}.Debug|Any CPU.Build.0 = Debug|Any CPU
		{A211B3AB-3790-4B4F-B58A-D311859A0A31}.Release|Any CPU.ActiveCfg = Release|Any CPU
		{A211B3AB-3790-4B4F-B58A-D311859A0A31}.Release|Any CPU.Build.0 = Release|Any CPU
	EndGlobalSection
	GlobalSection(SolutionProperties) = preSolution
		HideSolutionNode = FALSE
	EndGlobalSection
	GlobalSection(ExtensibilityGlobals) = postSolution
		SolutionGuid = {247BD274-6771-4B83-9B2D-75B8C7AA233B}
	EndGlobalSection
EndGlobal
