
Microsoft Visual Studio Solution File, Format Version 12.00
# Visual Studio Version 17
VisualStudioVersion = 17.14.36203.30 d17.14
MinimumVisualStudioVersion = 10.0.40219.1
Project("{FAE04EC0-301F-11D3-BF4B-00C04F79EFBC}") = "ex-08-saldo-bancario", "ex-08-saldo-bancario.csproj", "{EAC49092-7814-4D97-BD8E-F67CC37504A5}"
EndProject
Global
	GlobalSection(SolutionConfigurationPlatforms) = preSolution
		Debug|Any CPU = Debug|Any CPU
		Release|Any CPU = Release|Any CPU
	EndGlobalSection
	GlobalSection(ProjectConfigurationPlatforms) = postSolution
		{EAC49092-7814-4D97-BD8E-F67CC37504A5}.Debug|Any CPU.ActiveCfg = Debug|Any CPU
		{EAC49092-7814-4D97-BD8E-F67CC37504A5}.Debug|Any CPU.Build.0 = Debug|Any CPU
		{EAC49092-7814-4D97-BD8E-F67CC37504A5}.Release|Any CPU.ActiveCfg = Release|Any CPU
		{EAC49092-7814-4D97-BD8E-F67CC37504A5}.Release|Any CPU.Build.0 = Release|Any CPU
	EndGlobalSection
	GlobalSection(SolutionProperties) = preSolution
		HideSolutionNode = FALSE
	EndGlobalSection
	GlobalSection(ExtensibilityGlobals) = postSolution
		SolutionGuid = {059F6F13-91B2-45E6-8196-9841CDA32197}
	EndGlobalSection
EndGlobal
