
Microsoft Visual Studio Solution File, Format Version 12.00
# Visual Studio Version 17
VisualStudioVersion = 17.14.36203.30 d17.14
MinimumVisualStudioVersion = 10.0.40219.1
Project("{FAE04EC0-301F-11D3-BF4B-00C04F79EFBC}") = "ex-04-area-trapezio", "ex-04-area-trapezio.csproj", "{2ACA6E43-AEF4-45B2-82CF-6A3B4EE1743C}"
EndProject
Global
	GlobalSection(SolutionConfigurationPlatforms) = preSolution
		Debug|Any CPU = Debug|Any CPU
		Release|Any CPU = Release|Any CPU
	EndGlobalSection
	GlobalSection(ProjectConfigurationPlatforms) = postSolution
		{2ACA6E43-AEF4-45B2-82CF-6A3B4EE1743C}.Debug|Any CPU.ActiveCfg = Debug|Any CPU
		{2ACA6E43-AEF4-45B2-82CF-6A3B4EE1743C}.Debug|Any CPU.Build.0 = Debug|Any CPU
		{2ACA6E43-AEF4-45B2-82CF-6A3B4EE1743C}.Release|Any CPU.ActiveCfg = Release|Any CPU
		{2ACA6E43-AEF4-45B2-82CF-6A3B4EE1743C}.Release|Any CPU.Build.0 = Release|Any CPU
	EndGlobalSection
	GlobalSection(SolutionProperties) = preSolution
		HideSolutionNode = FALSE
	EndGlobalSection
	GlobalSection(ExtensibilityGlobals) = postSolution
		SolutionGuid = {8808FBDB-9F2C-4374-8409-F71BA1F8A7D4}
	EndGlobalSection
EndGlobal
